bosun.org v0.0.0-20161109002104-b585c890132e h1:/+ynl08m4AfrpB0kf0JL74HhQGJNdw+aUxdu40cxD0U=
bosun.org v0.0.0-20161109002104-b585c890132e/go.mod h1:B5PQwB0YKCZ4v1je7br4q+tKEO7wiypqskzn/Linjys=
github.com/beorn7/perks v0.0.0-20150223135152-b965b613227f h1:L/FlB1krOjojJSmUaiAiOMiIdRWylhc9QcHg0vHBuzA=
github.com/beorn7/perks v0.0.0-20150223135152-b965b613227f/go.mod h1:Dwedo/Wpr24TaqPxmxbtue+5NUziq4I4S80YR8gNf3Q=
github.com/golang/protobuf v0.0.0-20160211013955-0dfe8f37844c h1:lqYKGjAT8SqFFOMRuOkqR7bIKYKzgWmzUpubcEnYUfo=
github.com/golang/protobuf v0.0.0-20160211013955-0dfe8f37844c/go.mod h1:6lQm79b+lXiMfvg/cZm0SGofjICqVBUtrP5yJMmIC1U=
github.com/matttproud/golang_protobuf_extensions v0.0.0-20151011102529-d0c3fe89de86 h1:b8euq5x5N/v1JqX0v2oOwj67Wz9W3lWu/YUMs/lVUK8=
github.com/matttproud/golang_protobuf_extensions v0.0.0-20151011102529-d0c3fe89de86/go.mod h1:D8He9yQNgCq6Z5Ld7szi9bcBfOoFv/3dc6xSMkL2PC0=
github.com/prometheus/client_golang v0.0.0-20170511141251-42552c195dd3 h1:Ma3YAB2bNqYIpjDkFQ44/V8UMN0fcvwJEOUvv1rT3aQ=
github.com/prometheus/client_golang v0.0.0-20170511141251-42552c195dd3/go.mod h1:7SWBe2y4D6OKWSNQJUaRYU/AaXPKyh/dDVn+NZz0KFw=
github.com/prometheus/client_model v0.0.0-20150212101744-fa8ad6fec335 h1:0E/5GnGmzoDCtmzTycjGDWW33H0UBmAhR0h+FC8hWLs=
github.com/prometheus/client_model v0.0.0-20150212101744-fa8ad6fec335/go.mod h1:MbSGuTsp3dbXC40dX6PRTWyKYBIrTGTE9sqQNg2J8bo=
github.com/prometheus/common v0.0.0-20160917184401-9a94032291f2 h1:HF1cQAEkBE9vUCNwR7MM+RzhlhCcVI81h3IC8jWSncs=
github.com/prometheus/common v0.0.0-20160917184401-9a94032291f2/go.mod h1:daVV7qP5qjZbuso7PdcryaAu0sAZbrN9i7WWcTMWvro=
github.com/prometheus/procfs v0.0.0-20151029195050-406e5b7bfd82 h1:frgDnqep7lXuK5Ti+pqluLrJw/4B4EbcIwStnzhfCLY=
github.com/prometheus/procfs v0.0.0-20151029195050-406e5b7bfd82/go.mod h1:c3At6R/oaqEKCNdg8wHV1ftS6bRYblBhIjjI8uT2IGk=
golang.org/x/sys v0.0.0-20190726091711-fc99dfbffb4e h1:D5TXcfTk7xF7hvieo4QErS3qqCB4teTffacDWr7CI+0=
golang.org/x/sys v0.0.0-20190726091711-fc99dfbffb4e/go.mod h1:h1NjWce9XRLGQEsW7wpKNCjG9DtNlClVuFLEZdDNbEs=
gopkg.in/check.v1 v1.0.0-20161208181325-20d25e280405 h1:829vOVxxusYHC+IqBtkX5mbKtsY9fheQiQn0MZRVLfQ=
gopkg.in/check.v1 v1.0.0-20161208181325-20d25e280405/go.mod h1:Co6ibVJAznAaIkqp8huTwlJQCZ016jof/cbN4VW5Yz0=
